
Microsoft Visual Studio Solution File, Format Version 12.00
# Visual Studio Version 17
VisualStudioVersion = 17.3.32901.215
MinimumVisualStudioVersion = 10.0.40219.1
Project("{FAE04EC0-301F-11D3-BF4B-00C04F79EFBC}") = "TodoListApi", "TodoListApp\TodoListApi.csproj", "{4D167566-EC50-4B03-9085-609B92CDE253}"
EndProject
Project("{FAE04EC0-301F-11D3-BF4B-00C04F79EFBC}") = "Entities", "Entities\Entities.csproj", "{9D62CC2C-0573-4EF4-A080-4CDFF8857955}"
EndProject
Project("{FAE04EC0-301F-11D3-BF4B-00C04F79EFBC}") = "DataAccess", "DataAccess\DataAccess.csproj", "{B89F9AD9-4790-4BED-9520-825916E9FE63}"
EndProject
Project("{FAE04EC0-301F-11D3-BF4B-00C04F79EFBC}") = "Business", "Business\Business.csproj", "{CF5E2CCC-FFBC-4B14-B984-0CB1BB3A57E2}"
EndProject
Global
	GlobalSection(SolutionConfigurationPlatforms) = preSolution
		Debug|Any CPU = Debug|Any CPU
		Release|Any CPU = Release|Any CPU
	EndGlobalSection
	GlobalSection(ProjectConfigurationPlatforms) = postSolution
		{4D167566-EC50-4B03-9085-609B92CDE253}.Debug|Any CPU.ActiveCfg = Debug|Any CPU
		{4D167566-EC50-4B03-9085-609B92CDE253}.Debug|Any CPU.Build.0 = Debug|Any CPU
		{4D167566-EC50-4B03-9085-609B92CDE253}.Release|Any CPU.ActiveCfg = Release|Any CPU
		{4D167566-EC50-4B03-9085-609B92CDE253}.Release|Any CPU.Build.0 = Release|Any CPU
		{9D62CC2C-0573-4EF4-A080-4CDFF8857955}.Debug|Any CPU.ActiveCfg = Debug|Any CPU
		{9D62CC2C-0573-4EF4-A080-4CDFF8857955}.Debug|Any CPU.Build.0 = Debug|Any CPU
		{9D62CC2C-0573-4EF4-A080-4CDFF8857955}.Release|Any CPU.ActiveCfg = Release|Any CPU
		{9D62CC2C-0573-4EF4-A080-4CDFF8857955}.Release|Any CPU.Build.0 = Release|Any CPU
		{B89F9AD9-4790-4BED-9520-825916E9FE63}.Debug|Any CPU.ActiveCfg = Debug|Any CPU
		{B89F9AD9-4790-4BED-9520-825916E9FE63}.Debug|Any CPU.Build.0 = Debug|Any CPU
		{B89F9AD9-4790-4BED-9520-825916E9FE63}.Release|Any CPU.ActiveCfg = Release|Any CPU
		{B89F9AD9-4790-4BED-9520-825916E9FE63}.Release|Any CPU.Build.0 = Release|Any CPU
		{CF5E2CCC-FFBC-4B14-B984-0CB1BB3A57E2}.Debug|Any CPU.ActiveCfg = Debug|Any CPU
		{CF5E2CCC-FFBC-4B14-B984-0CB1BB3A57E2}.Debug|Any CPU.Build.0 = Debug|Any CPU
		{CF5E2CCC-FFBC-4B14-B984-0CB1BB3A57E2}.Release|Any CPU.ActiveCfg = Release|Any CPU
		{CF5E2CCC-FFBC-4B14-B984-0CB1BB3A57E2}.Release|Any CPU.Build.0 = Release|Any CPU
	EndGlobalSection
	GlobalSection(SolutionProperties) = preSolution
		HideSolutionNode = FALSE
	EndGlobalSection
	GlobalSection(ExtensibilityGlobals) = postSolution
		SolutionGuid = {CBA1CB99-05D1-4205-8E3C-799B93159F2E}
	EndGlobalSection
EndGlobal
